{
    "_meta": {
        "hash": {
            "sha256": "1f1864930a206f22cde40bb0fe4bec97791109c1b8c0fc70b1f46e900f27ce34"
        },
        "pipfile-spec": 6,
        "requires": {
            "python_version": "3.9"
        },
        "sources": [
            {
                "name": "pypi",
                "url": "https://pypi.org/simple",
                "verify_ssl": true
            }
        ]
    },
    "default": {
        "certifi": {
            "hashes": [
                "sha256:1a4995114262bffbc2413b159f2a1a480c969de6e6eb13ee966d470af86af59c",
                "sha256:719a74fb9e33b9bd44cc7f3a8d94bc35e4049deebe19ba7d8e108280cfd59830"
            ],
            "version": "==2020.12.5"
        },
        "click": {
            "hashes": [
                "sha256:d2b5255c7c6349bc1bd1e59e08cd12acbbd63ce649f2588755783aa94dfb6b1a",
                "sha256:dacca89f4bfadd5de3d7489b7c8a566eee0d3676333fbb50030263894c38c0dc"
            ],
            "markers": "python_version >= '2.7' and python_version not in '3.0, 3.1, 3.2, 3.3, 3.4'",
            "version": "==7.1.2"
        },
        "elasticsearch": {
            "hashes": [
                "sha256:4ebd34fd223b31c99d9f3b6b6236d3ac18b3046191a37231e8235b06ae7db955",
                "sha256:a725dd923d349ca0652cf95d6ce23d952e2153740cf4ab6daf4a2d804feeed48"
            ],
            "index": "pypi",
            "version": "==7.10.1"
        },
        "fastapi": {
            "hashes": [
                "sha256:63c4592f5ef3edf30afa9a44fa7c6b7ccb20e0d3f68cd9eba07b44d552058dcb",
                "sha256:98d8ea9591d8512fdadf255d2a8fa56515cdd8624dca4af369da73727409508e"
            ],
            "index": "pypi",
            "version": "==0.63.0"
        },
        "h11": {
            "hashes": [
                "sha256:36a3cb8c0a032f56e2da7084577878a035d3b61d104230d4bd49c0c6b555a9c6",
                "sha256:47222cb6067e4a307d535814917cd98fd0a57b6788ce715755fa2b6c28b56042"
            ],
            "markers": "python_version >= '3.6'",
            "version": "==0.12.0"
        },
        "httpcore": {
            "hashes": [
                "sha256:420700af11db658c782f7e8fda34f9dcd95e3ee93944dd97d78cb70247e0cd06",
                "sha256:dd1d762d4f7c2702149d06be2597c35fb154c5eff9789a8c5823fbcf4d2978d6"
            ],
            "markers": "python_version >= '3.6'",
            "version": "==0.12.2"
        },
        "httpx": {
            "hashes": [
                "sha256:126424c279c842738805974687e0518a94c7ae8d140cd65b9c4f77ac46ffa537",
                "sha256:9cffb8ba31fac6536f2c8cde30df859013f59e4bcc5b8d43901cb3654a8e0a5b"
            ],
            "index": "pypi",
            "version": "==0.16.1"
        },
        "idna": {
            "hashes": [
                "sha256:5205d03e7bcbb919cc9c19885f9920d622ca52448306f2377daede5cf3faac16",
                "sha256:c5b02147e01ea9920e6b0a3f1f7bb833612d507592c837a6c49552768f4054e1"
            ],
            "version": "==3.1"
        },
        "numpy": {
            "hashes": [
                "sha256:012426a41bc9ab63bb158635aecccc7610e3eff5d31d1eb43bc099debc979d94",
                "sha256:06fab248a088e439402141ea04f0fffb203723148f6ee791e9c75b3e9e82f080",
                "sha256:0eef32ca3132a48e43f6a0f5a82cb508f22ce5a3d6f67a8329c81c8e226d3f6e",
                "sha256:1ded4fce9cfaaf24e7a0ab51b7a87be9038ea1ace7f34b841fe3b6894c721d1c",
                "sha256:2e55195bc1c6b705bfd8ad6f288b38b11b1af32f3c8289d6c50d47f950c12e76",
                "sha256:2ea52bd92ab9f768cc64a4c3ef8f4b2580a17af0a5436f6126b08efbd1838371",
                "sha256:36674959eed6957e61f11c912f71e78857a8d0604171dfd9ce9ad5cbf41c511c",
                "sha256:384ec0463d1c2671170901994aeb6dce126de0a95ccc3976c43b0038a37329c2",
                "sha256:39b70c19ec771805081578cc936bbe95336798b7edf4732ed102e7a43ec5c07a",
                "sha256:400580cbd3cff6ffa6293df2278c75aef2d58d8d93d3c5614cd67981dae68ceb",
                "sha256:43d4c81d5ffdff6bae58d66a3cd7f54a7acd9a0e7b18d97abb255defc09e3140",
                "sha256:50a4a0ad0111cc1b71fa32dedd05fa239f7fb5a43a40663269bb5dc7877cfd28",
                "sha256:603aa0706be710eea8884af807b1b3bc9fb2e49b9f4da439e76000f3b3c6ff0f",
                "sha256:6149a185cece5ee78d1d196938b2a8f9d09f5a5ebfbba66969302a778d5ddd1d",
                "sha256:759e4095edc3c1b3ac031f34d9459fa781777a93ccc633a472a5468587a190ff",
                "sha256:7fb43004bce0ca31d8f13a6eb5e943fa73371381e53f7074ed21a4cb786c32f8",
                "sha256:811daee36a58dc79cf3d8bdd4a490e4277d0e4b7d103a001a4e73ddb48e7e6aa",
                "sha256:8b5e972b43c8fc27d56550b4120fe6257fdc15f9301914380b27f74856299fea",
                "sha256:99abf4f353c3d1a0c7a5f27699482c987cf663b1eac20db59b8c7b061eabd7fc",
                "sha256:a0d53e51a6cb6f0d9082decb7a4cb6dfb33055308c4c44f53103c073f649af73",
                "sha256:a12ff4c8ddfee61f90a1633a4c4afd3f7bcb32b11c52026c92a12e1325922d0d",
                "sha256:a4646724fba402aa7504cd48b4b50e783296b5e10a524c7a6da62e4a8ac9698d",
                "sha256:a76f502430dd98d7546e1ea2250a7360c065a5fdea52b2dffe8ae7180909b6f4",
                "sha256:a9d17f2be3b427fbb2bce61e596cf555d6f8a56c222bd2ca148baeeb5e5c783c",
                "sha256:ab83f24d5c52d60dbc8cd0528759532736b56db58adaa7b5f1f76ad551416a1e",
                "sha256:aeb9ed923be74e659984e321f609b9ba54a48354bfd168d21a2b072ed1e833ea",
                "sha256:c843b3f50d1ab7361ca4f0b3639bf691569493a56808a0b0c54a051d260b7dbd",
                "sha256:cae865b1cae1ec2663d8ea56ef6ff185bad091a5e33ebbadd98de2cfa3fa668f",
                "sha256:cc6bd4fd593cb261332568485e20a0712883cf631f6f5e8e86a52caa8b2b50ff",
                "sha256:cf2402002d3d9f91c8b01e66fbb436a4ed01c6498fffed0e4c7566da1d40ee1e",
                "sha256:d051ec1c64b85ecc69531e1137bb9751c6830772ee5c1c426dbcfe98ef5788d7",
                "sha256:d6631f2e867676b13026e2846180e2c13c1e11289d67da08d71cacb2cd93d4aa",
                "sha256:dbd18bcf4889b720ba13a27ec2f2aac1981bd41203b3a3b27ba7a33f88ae4827",
                "sha256:df609c82f18c5b9f6cb97271f03315ff0dbe481a2a02e56aeb1b1a985ce38e60"
            ],
            "markers": "python_version >= '3.6'",
            "version": "==1.19.5"
        },
        "orjson": {
            "hashes": [
                "sha256:0024778b60e7069efc6e6a2eee54e1f699215b79e1b7011a18019009bcca353d",
                "sha256:133e076b13aa448f45083ddda1871952abb9a8618e06001b3e2add4e7f260257",
                "sha256:15951fd99ec4bc975e27c9fcffe42a2bce72fc31d3cd435cf704fbcdee5aa016",
                "sha256:27a609233c3152e6df22b896be978de27e59ea589f5485c66cdd4279c4c58e09",
                "sha256:47fafdb5117c06c005e71822be8ab26fae637b0a7acab557c3066fa028660d3e",
                "sha256:5756c00100034c344bb45243584cffa34811b3b90644f15fa1515e6371849ae8",
                "sha256:69c19a957dbfa72e90f067101564be1a46cf30d1a0c142f78d140cc7261e3d52",
                "sha256:6ba90cc0921367316221979025a08186de9987b2f2307a86d356b0bd2fd295c9",
                "sha256:6d5719abd4e1ed13cd0e47d0ace5c0cca7859cb14bcca0429dee842c69fc0527",
                "sha256:7ad5bfdcc67be964f51c464f3e0e315e7bab647ea726c7662c560fa110d5b0df",
                "sha256:8bc99f175d7ea42b5faf18f3b503423bce4631c3605f699e014232cc329fb14e",
                "sha256:9ea6ca24c06931cbc185e10660bbaf6ef2b5a5b276af3335fc5700a62e23119e",
                "sha256:a00e96ec4e936cd29c3a7d9d0fe4f4ca0b8f058613d0f27eca9a384ca4f340f0",
                "sha256:ab90e8a162c6c9eca669d90f2c83add7920a3abb69db30ef03205a1ecb6edc53",
                "sha256:adbc25baf8369cae5bb1aa2188c14b3afdd6fcdb7bde157f27380494ac6a2987",
                "sha256:af10602f7cf2523443d9d11aacae29afa8f9c9ef0147218bc6cf656dbdda021c",
                "sha256:ccbe6474a7c8530216f8acb9b7d46045a388900919d2d713c43efe39955b3c4a",
                "sha256:f9cd599d3847f245fd334289fbcc8d9e4c8c600fa0dbc4eacb31fb00cb0d40b6",
                "sha256:ff4721af669e84fe71f32564b067e022d35c1abc366df46aba0f9ed6ed7dd7b9"
            ],
            "index": "pypi",
            "version": "==3.4.7"
        },
        "pandas": {
            "hashes": [
                "sha256:050ed2c9d825ef36738e018454e6d055c63d947c1d52010fbadd7584f09df5db",
                "sha256:055647e7f4c5e66ba92c2a7dcae6c2c57898b605a3fb007745df61cc4015937f",
                "sha256:23ac77a3a222d9304cb2a7934bb7b4805ff43d513add7a42d1a22dc7df14edd2",
                "sha256:2de012a36cc507debd9c3351b4d757f828d5a784a5fc4e6766eafc2b56e4b0f5",
                "sha256:30e9e8bc8c5c17c03d943e8d6f778313efff59e413b8dbdd8214c2ed9aa165f6",
                "sha256:324e60bea729cf3b55c1bf9e88fe8b9932c26f8669d13b928e3c96b3a1453dff",
                "sha256:37443199f451f8badfe0add666e43cdb817c59fa36bceedafd9c543a42f236ca",
                "sha256:47ec0808a8357ab3890ce0eca39a63f79dcf941e2e7f494470fe1c9ec43f6091",
                "sha256:496fcc29321e9a804d56d5aa5d7ec1320edfd1898eee2f451aa70171cf1d5a29",
                "sha256:50e6c0a17ef7f831b5565fd0394dbf9bfd5d615ee4dd4bb60a3d8c9d2e872323",
                "sha256:5527c5475d955c0bc9689c56865aaa2a7b13c504d6c44f0aadbf57b565af5ebd",
                "sha256:57d5c7ac62925a8d2ab43ea442b297a56cc8452015e71e24f4aa7e4ed6be3d77",
                "sha256:9d45f58b03af1fea4b48e44aa38a819a33dccb9821ef9e1d68f529995f8a632f",
                "sha256:b26e2dabda73d347c7af3e6fed58483161c7b87a886a4e06d76ccfe55a044aa9",
                "sha256:cfd237865d878da9b65cfee883da5e0067f5e2ff839e459466fb90565a77bda3",
                "sha256:d7cca42dba13bfee369e2944ae31f6549a55831cba3117e17636955176004088",
                "sha256:fe7de6fed43e7d086e3d947651ec89e55ddf00102f9dd5758763d56d182f0564"
            ],
            "index": "pypi",
            "version": "==1.2.1"
        },
        "pydantic": {
            "hashes": [
                "sha256:025bf13ce27990acc059d0c5be46f416fc9b293f45363b3d19855165fee1874f",
                "sha256:185e18134bec5ef43351149fe34fda4758e53d05bb8ea4d5928f0720997b79ef",
                "sha256:213125b7e9e64713d16d988d10997dabc6a1f73f3991e1ff8e35ebb1409c7dc9",
                "sha256:24ca47365be2a5a3cc3f4a26dcc755bcdc9f0036f55dcedbd55663662ba145ec",
                "sha256:38be427ea01a78206bcaf9a56f835784afcba9e5b88fbdce33bbbfbcd7841229",
                "sha256:475f2fa134cf272d6631072554f845d0630907fce053926ff634cc6bc45bf1af",
                "sha256:514b473d264671a5c672dfb28bdfe1bf1afd390f6b206aa2ec9fed7fc592c48e",
                "sha256:59e45f3b694b05a69032a0d603c32d453a23f0de80844fb14d55ab0c6c78ff2f",
                "sha256:5b24e8a572e4b4c18f614004dda8c9f2c07328cb5b6e314d6e1bbd536cb1a6c1",
                "sha256:6e3874aa7e8babd37b40c4504e3a94cc2023696ced5a0500949f3347664ff8e2",
                "sha256:8d72e814c7821125b16f1553124d12faba88e85405b0864328899aceaad7282b",
                "sha256:a4143c8d0c456a093387b96e0f5ee941a950992904d88bc816b4f0e72c9a0009",
                "sha256:b2b054d095b6431cdda2f852a6d2f0fdec77686b305c57961b4c5dd6d863bf3c",
                "sha256:c59ea046aea25be14dc22d69c97bee629e6d48d2b2ecb724d7fe8806bf5f61cd",
                "sha256:d1fe3f0df8ac0f3a9792666c69a7cd70530f329036426d06b4f899c025aca74e",
                "sha256:d8df4b9090b595511906fa48deda47af04e7d092318bfb291f4d45dfb6bb2127",
                "sha256:dba5c1f0a3aeea5083e75db9660935da90216f8a81b6d68e67f54e135ed5eb23",
                "sha256:e682f6442ebe4e50cb5e1cfde7dda6766fb586631c3e5569f6aa1951fd1a76ef",
                "sha256:ecb54491f98544c12c66ff3d15e701612fc388161fd455242447083350904730",
                "sha256:f5b06f5099e163295b8ff5b1b71132ecf5866cc6e7f586d78d7d3fd6e8084608",
                "sha256:f6864844b039805add62ebe8a8c676286340ba0c6d043ae5dea24114b82a319e",
                "sha256:ffd180ebd5dd2a9ac0da4e8b995c9c99e7c74c31f985ba090ee01d681b1c4b95"
            ],
            "markers": "python_version >= '3.6'",
            "version": "==1.7.3"
        },
        "python-dateutil": {
            "hashes": [
                "sha256:73ebfe9dbf22e832286dafa60473e4cd239f8592f699aa5adaf10050e6e1823c",
                "sha256:75bb3f31ea686f1197762692a9ee6a7550b59fc6ca3a1f4b5d7e32fb98e2da2a"
            ],
            "markers": "python_version >= '2.7' and python_version not in '3.0, 3.1, 3.2, 3.3'",
            "version": "==2.8.1"
        },
        "pytz": {
            "hashes": [
                "sha256:16962c5fb8db4a8f63a26646d8886e9d769b6c511543557bc84e9569fb9a9cb4",
                "sha256:180befebb1927b16f6b57101720075a984c019ac16b1b7575673bea42c6c3da5"
            ],
            "version": "==2020.5"
        },
        "rfc3986": {
            "extras": [
                "idna2008"
            ],
            "hashes": [
                "sha256:112398da31a3344dc25dbf477d8df6cb34f9278a94fee2625d89e4514be8bb9d",
                "sha256:af9147e9aceda37c91a05f4deb128d4b4b49d6b199775fd2d2927768abdc8f50"
            ],
            "version": "==1.4.0"
        },
        "six": {
            "hashes": [
                "sha256:30639c035cdb23534cd4aa2dd52c3bf48f06e5f4a941509c8bafd8ce11080259",
                "sha256:8b74bedcbbbaca38ff6d7491d76f2b06b3592611af620f8426e82dddb04a5ced"
            ],
            "markers": "python_version >= '2.7' and python_version not in '3.0, 3.1, 3.2, 3.3'",
            "version": "==1.15.0"
        },
        "sniffio": {
            "hashes": [
                "sha256:471b71698eac1c2112a40ce2752bb2f4a4814c22a54a3eed3676bc0f5ca9f663",
                "sha256:c4666eecec1d3f50960c6bdf61ab7bc350648da6c126e3cf6898d8cd4ddcd3de"
            ],
            "markers": "python_version >= '3.5'",
            "version": "==1.2.0"
        },
        "starlette": {
            "hashes": [
                "sha256:bd2ffe5e37fb75d014728511f8e68ebf2c80b0fa3d04ca1479f4dc752ae31ac9",
                "sha256:ebe8ee08d9be96a3c9f31b2cb2a24dbdf845247b745664bd8a3f9bd0c977fdbc"
            ],
            "markers": "python_version >= '3.6'",
            "version": "==0.13.6"
        },
        "urllib3": {
            "hashes": [
                "sha256:19188f96923873c92ccb987120ec4acaa12f0461fa9ce5d3d0772bc965a39e08",
                "sha256:d8ff90d979214d7b4f8ce956e80f4028fc6860e4431f731ea4a8c08f23f99473"
            ],
            "markers": "python_version >= '2.7' and python_version not in '3.0, 3.1, 3.2, 3.3, 3.4' and python_version < '4'",
            "version": "==1.26.2"
        },
        "uvicorn": {
            "hashes": [
                "sha256:1079c50a06f6338095b4f203e7861dbff318dde5f22f3a324fc6e94c7654164c",
                "sha256:ef1e0bb5f7941c6fe324e06443ddac0331e1632a776175f87891c7bd02694355"
            ],
            "index": "pypi",
            "version": "==0.13.3"
        }
    },
    "develop": {}
}
